
Microsoft Visual Studio Solution File, Format Version 12.00
# Visual Studio 15
VisualStudioVersion = 15.0.28307.271
MinimumVisualStudioVersion = 10.0.40219.1
Project("{FAE04EC0-301F-11D3-BF4B-00C04F79EFBC}") = "TestWebapi", "TestWebapi\TestWebapi.csproj", "{C2DDDA8E-F5D7-4667-A240-862A3809130D}"
EndProject
Project("{FAE04EC0-301F-11D3-BF4B-00C04F79EFBC}") = "TestWebapi.Tests", "TestWebapi.Tests\TestWebapi.Tests.csproj", "{258EB843-A3BE-44AD-98EB-F38D901F2880}"
EndProject
Global
	GlobalSection(SolutionConfigurationPlatforms) = preSolution
		Debug|Any CPU = Debug|Any CPU
		Release|Any CPU = Release|Any CPU
	EndGlobalSection
	GlobalSection(ProjectConfigurationPlatforms) = postSolution
		{C2DDDA8E-F5D7-4667-A240-862A3809130D}.Debug|Any CPU.ActiveCfg = Debug|Any CPU
		{C2DDDA8E-F5D7-4667-A240-862A3809130D}.Debug|Any CPU.Build.0 = Debug|Any CPU
		{C2DDDA8E-F5D7-4667-A240-862A3809130D}.Release|Any CPU.ActiveCfg = Release|Any CPU
		{C2DDDA8E-F5D7-4667-A240-862A3809130D}.Release|Any CPU.Build.0 = Release|Any CPU
		{258EB843-A3BE-44AD-98EB-F38D901F2880}.Debug|Any CPU.ActiveCfg = Debug|Any CPU
		{258EB843-A3BE-44AD-98EB-F38D901F2880}.Debug|Any CPU.Build.0 = Debug|Any CPU
		{258EB843-A3BE-44AD-98EB-F38D901F2880}.Release|Any CPU.ActiveCfg = Release|Any CPU
		{258EB843-A3BE-44AD-98EB-F38D901F2880}.Release|Any CPU.Build.0 = Release|Any CPU
	EndGlobalSection
	GlobalSection(SolutionProperties) = preSolution
		HideSolutionNode = FALSE
	EndGlobalSection
	GlobalSection(ExtensibilityGlobals) = postSolution
		SolutionGuid = {94AEECAE-DFA2-4661-969B-D34766F66333}
	EndGlobalSection
EndGlobal
